
Microsoft Visual Studio Solution File, Format Version 12.00
# Visual Studio Version 17
VisualStudioVersion = 17.14.36518.9
MinimumVisualStudioVersion = 10.0.40219.1
Project("{8BC9CEB8-8B4A-11D0-8D11-00A0C91BC942}") = "WinAPI", "WinAPI\WinAPI.vcxproj", "{E8C64912-7EE4-423A-B027-DBFB1DDA0D37}"
EndProject
Project("{8BC9CEB8-8B4A-11D0-8D11-00A0C91BC942}") = "ComboBox", "ComboBox\ComboBox.vcxproj", "{5304D606-38E0-485B-8CA6-69A21C552574}"
EndProject
Project("{8BC9CEB8-8B4A-11D0-8D11-00A0C91BC942}") = "ListBox", "ListBox\ListBox.vcxproj", "{7FBF5190-EC04-49C0-B6B6-6F9097AD8266}"
EndProject
Project("{8BC9CEB8-8B4A-11D0-8D11-00A0C91BC942}") = "Students", "Students\Students.vcxproj", "{090B2DE1-69FC-4FD3-AA70-48A81225DD9D}"
EndProject
Project("{8BC9CEB8-8B4A-11D0-8D11-00A0C91BC942}") = "Calculator", "Calculator\Calculator.vcxproj", "{60FCFD62-CD3B-4D66-9E3D-F0EF7A74751E}"
EndProject
Project("{8BC9CEB8-8B4A-11D0-8D11-00A0C91BC942}") = "MainWindow", "MainWindow\MainWindow.vcxproj", "{F950DA43-A216-45F0-BC99-4442958ED781}"
EndProject
Global
	GlobalSection(SolutionConfigurationPlatforms) = preSolution
		Debug|x64 = Debug|x64
		Debug|x86 = Debug|x86
		Release|x64 = Release|x64
		Release|x86 = Release|x86
	EndGlobalSection
	GlobalSection(ProjectConfigurationPlatforms) = postSolution
		{E8C64912-7EE4-423A-B027-DBFB1DDA0D37}.Debug|x64.ActiveCfg = Debug|x64
		{E8C64912-7EE4-423A-B027-DBFB1DDA0D37}.Debug|x64.Build.0 = Debug|x64
		{E8C64912-7EE4-423A-B027-DBFB1DDA0D37}.Debug|x86.ActiveCfg = Debug|Win32
		{E8C64912-7EE4-423A-B027-DBFB1DDA0D37}.Debug|x86.Build.0 = Debug|Win32
		{E8C64912-7EE4-423A-B027-DBFB1DDA0D37}.Release|x64.ActiveCfg = Release|x64
		{E8C64912-7EE4-423A-B027-DBFB1DDA0D37}.Release|x64.Build.0 = Release|x64
		{E8C64912-7EE4-423A-B027-DBFB1DDA0D37}.Release|x86.ActiveCfg = Release|Win32
		{E8C64912-7EE4-423A-B027-DBFB1DDA0D37}.Release|x86.Build.0 = Release|Win32
		{5304D606-38E0-485B-8CA6-69A21C552574}.Debug|x64.ActiveCfg = Debug|x64
		{5304D606-38E0-485B-8CA6-69A21C552574}.Debug|x64.Build.0 = Debug|x64
		{5304D606-38E0-485B-8CA6-69A21C552574}.Debug|x86.ActiveCfg = Debug|Win32
		{5304D606-38E0-485B-8CA6-69A21C552574}.Debug|x86.Build.0 = Debug|Win32
		{5304D606-38E0-485B-8CA6-69A21C552574}.Release|x64.ActiveCfg = Release|x64
		{5304D606-38E0-485B-8CA6-69A21C552574}.Release|x64.Build.0 = Release|x64
		{5304D606-38E0-485B-8CA6-69A21C552574}.Release|x86.ActiveCfg = Release|Win32
		{5304D606-38E0-485B-8CA6-69A21C552574}.Release|x86.Build.0 = Release|Win32
		{7FBF5190-EC04-49C0-B6B6-6F9097AD8266}.Debug|x64.ActiveCfg = Debug|x64
		{7FBF5190-EC04-49C0-B6B6-6F9097AD8266}.Debug|x64.Build.0 = Debug|x64
		{7FBF5190-EC04-49C0-B6B6-6F9097AD8266}.Debug|x86.ActiveCfg = Debug|Win32
		{7FBF5190-EC04-49C0-B6B6-6F9097AD8266}.Debug|x86.Build.0 = Debug|Win32
		{7FBF5190-EC04-49C0-B6B6-6F9097AD8266}.Release|x64.ActiveCfg = Release|x64
		{7FBF5190-EC04-49C0-B6B6-6F9097AD8266}.Release|x64.Build.0 = Release|x64
		{7FBF5190-EC04-49C0-B6B6-6F9097AD8266}.Release|x86.ActiveCfg = Release|Win32
		{7FBF5190-EC04-49C0-B6B6-6F9097AD8266}.Release|x86.Build.0 = Release|Win32
		{090B2DE1-69FC-4FD3-AA70-48A81225DD9D}.Debug|x64.ActiveCfg = Debug|x64
		{090B2DE1-69FC-4FD3-AA70-48A81225DD9D}.Debug|x64.Build.0 = Debug|x64
		{090B2DE1-69FC-4FD3-AA70-48A81225DD9D}.Debug|x86.ActiveCfg = Debug|Win32
		{090B2DE1-69FC-4FD3-AA70-48A81225DD9D}.Debug|x86.Build.0 = Debug|Win32
		{090B2DE1-69FC-4FD3-AA70-48A81225DD9D}.Release|x64.ActiveCfg = Release|x64
		{090B2DE1-69FC-4FD3-AA70-48A81225DD9D}.Release|x64.Build.0 = Release|x64
		{090B2DE1-69FC-4FD3-AA70-48A81225DD9D}.Release|x86.ActiveCfg = Release|Win32
		{090B2DE1-69FC-4FD3-AA70-48A81225DD9D}.Release|x86.Build.0 = Release|Win32
		{60FCFD62-CD3B-4D66-9E3D-F0EF7A74751E}.Debug|x64.ActiveCfg = Debug|x64
		{60FCFD62-CD3B-4D66-9E3D-F0EF7A74751E}.Debug|x64.Build.0 = Debug|x64
		{60FCFD62-CD3B-4D66-9E3D-F0EF7A74751E}.Debug|x86.ActiveCfg = Debug|Win32
		{60FCFD62-CD3B-4D66-9E3D-F0EF7A74751E}.Debug|x86.Build.0 = Debug|Win32
		{60FCFD62-CD3B-4D66-9E3D-F0EF7A74751E}.Release|x64.ActiveCfg = Release|x64
		{60FCFD62-CD3B-4D66-9E3D-F0EF7A74751E}.Release|x64.Build.0 = Release|x64
		{60FCFD62-CD3B-4D66-9E3D-F0EF7A74751E}.Release|x86.ActiveCfg = Release|Win32
		{60FCFD62-CD3B-4D66-9E3D-F0EF7A74751E}.Release|x86.Build.0 = Release|Win32
		{F950DA43-A216-45F0-BC99-4442958ED781}.Debug|x64.ActiveCfg = Debug|x64
		{F950DA43-A216-45F0-BC99-4442958ED781}.Debug|x64.Build.0 = Debug|x64
		{F950DA43-A216-45F0-BC99-4442958ED781}.Debug|x86.ActiveCfg = Debug|Win32
		{F950DA43-A216-45F0-BC99-4442958ED781}.Debug|x86.Build.0 = Debug|Win32
		{F950DA43-A216-45F0-BC99-4442958ED781}.Release|x64.ActiveCfg = Release|x64
		{F950DA43-A216-45F0-BC99-4442958ED781}.Release|x64.Build.0 = Release|x64
		{F950DA43-A216-45F0-BC99-4442958ED781}.Release|x86.ActiveCfg = Release|Win32
		{F950DA43-A216-45F0-BC99-4442958ED781}.Release|x86.Build.0 = Release|Win32
	EndGlobalSection
	GlobalSection(SolutionProperties) = preSolution
		HideSolutionNode = FALSE
	EndGlobalSection
	GlobalSection(ExtensibilityGlobals) = postSolution
		SolutionGuid = {04C4BEFF-D0D1-4022-AB7B-E98EE51013AB}
	EndGlobalSection
EndGlobal
